{
  "nodes": {
    "hyprland-protocols": {
      "flake": false,
      "locked": {
        "lastModified": 1670258048,
        "narHash": "sha256-Lm2sXnDVZNE+taHqsqVibvPmSdu65VHvXI507KVX4lg=",
        "owner": "hyprwm",
        "repo": "hyprland-protocols",
        "rev": "0dcff94fc10df2bbb66d3e1b5a1d6cfd3ada5515",
        "type": "github"
      },
      "original": {
        "owner": "hyprwm",
        "repo": "hyprland-protocols",
        "type": "github"
      }
    },
    "hyprland-protocols_2": {
      "flake": false,
      "locked": {
        "lastModified": 1670185345,
        "narHash": "sha256-hxWGqlPecqEsE6nOHDV29KFBKePbY2Ipeac6lrChMKY=",
        "owner": "hyprwm",
        "repo": "hyprland-protocols",
        "rev": "4623a404c091e64743ba310199bb380ec52f1936",
        "type": "github"
      },
      "original": {
        "owner": "hyprwm",
        "repo": "hyprland-protocols",
        "type": "github"
      }
    },
    "nixpkgs": {
      "locked": {
        "lastModified": 1670064435,
        "narHash": "sha256-+ELoY30UN+Pl3Yn7RWRPabykwebsVK/kYE9JsIsUMxQ=",
        "owner": "NixOS",
        "repo": "nixpkgs",
        "rev": "61a8a98e6d557e6dd7ed0cdb54c3a3e3bbc5e25c",
        "type": "github"
      },
      "original": {
        "owner": "NixOS",
        "ref": "nixos-unstable",
        "repo": "nixpkgs",
        "type": "github"
      }
    },
    "root": {
      "inputs": {
        "hyprland-protocols": "hyprland-protocols",
        "nixpkgs": "nixpkgs",
        "wlroots": "wlroots",
        "xdph": "xdph"
      }
    },
    "wlroots": {
      "flake": false,
      "locked": {
        "host": "gitlab.freedesktop.org",
        "lastModified": 1669925104,
        "narHash": "sha256-xMHfW+/G9MieN/5tXHUA5/ztE8dkE093cNFTEUgcwxI=",
        "owner": "wlroots",
        "repo": "wlroots",
        "rev": "c8eb24d30e18c165728b8788a10716611c3b633d",
        "type": "gitlab"
      },
      "original": {
        "host": "gitlab.freedesktop.org",
        "owner": "wlroots",
        "repo": "wlroots",
        "type": "gitlab"
      }
    },
    "xdph": {
      "inputs": {
        "hyprland-protocols": "hyprland-protocols_2",
        "nixpkgs": [
          "nixpkgs"
        ]
      },
      "locked": {
        "lastModified": 1670202338,
        "narHash": "sha256-StTfshdAoSxO+t0wRbq1I3YESLFIQWFjGJse5ICV8rk=",
        "owner": "hyprwm",
        "repo": "xdg-desktop-portal-hyprland",
        "rev": "af840a9e0947a79a37a95a9f62062653721e43fa",
        "type": "github"
      },
      "original": {
        "owner": "hyprwm",
        "repo": "xdg-desktop-portal-hyprland",
        "type": "github"
      }
    }
  },
  "root": "root",
  "version": 7
}
